
Microsoft Visual Studio Solution File, Format Version 12.00
# Visual Studio Version 17
VisualStudioVersion = 17.0.32014.148
MinimumVisualStudioVersion = 10.0.40219.1
Project("{9A19103F-16F7-4668-BE54-9A1E7A4F7556}") = "SwissTransport", "src\SwissTransport\SwissTransport.csproj", "{D0262178-A48F-4DE0-807B-E76B63E39421}"
EndProject
Project("{9A19103F-16F7-4668-BE54-9A1E7A4F7556}") = "SwissTransportTest", "tests\SwissTransportTest\SwissTransportTest.csproj", "{959C6E54-5B1C-40F5-938A-C57B17451421}"
EndProject
Project("{9A19103F-16F7-4668-BE54-9A1E7A4F7556}") = "TransportApp", "TransportApp\TransportApp.csproj", "{CF5EA542-7392-4C2C-BD48-9664BAEEA74C}"
EndProject
Project("{8BC9CEB8-8B4A-11D0-8D11-00A0C91BC942}") = "TransportAppTest", "TransportAppTest\TransportAppTest.vcxproj", "{0C3D0E6A-CEFB-480B-856A-917838EFF716}"
EndProject
Global
	GlobalSection(SolutionConfigurationPlatforms) = preSolution
		Debug|Any CPU = Debug|Any CPU
		Debug|x64 = Debug|x64
		Debug|x86 = Debug|x86
		Release|Any CPU = Release|Any CPU
		Release|x64 = Release|x64
		Release|x86 = Release|x86
	EndGlobalSection
	GlobalSection(ProjectConfigurationPlatforms) = postSolution
		{D0262178-A48F-4DE0-807B-E76B63E39421}.Debug|Any CPU.ActiveCfg = Debug|Any CPU
		{D0262178-A48F-4DE0-807B-E76B63E39421}.Debug|Any CPU.Build.0 = Debug|Any CPU
		{D0262178-A48F-4DE0-807B-E76B63E39421}.Debug|x64.ActiveCfg = Debug|Any CPU
		{D0262178-A48F-4DE0-807B-E76B63E39421}.Debug|x64.Build.0 = Debug|Any CPU
		{D0262178-A48F-4DE0-807B-E76B63E39421}.Debug|x86.ActiveCfg = Debug|Any CPU
		{D0262178-A48F-4DE0-807B-E76B63E39421}.Debug|x86.Build.0 = Debug|Any CPU
		{D0262178-A48F-4DE0-807B-E76B63E39421}.Release|Any CPU.ActiveCfg = Release|Any CPU
		{D0262178-A48F-4DE0-807B-E76B63E39421}.Release|Any CPU.Build.0 = Release|Any CPU
		{D0262178-A48F-4DE0-807B-E76B63E39421}.Release|x64.ActiveCfg = Release|Any CPU
		{D0262178-A48F-4DE0-807B-E76B63E39421}.Release|x64.Build.0 = Release|Any CPU
		{D0262178-A48F-4DE0-807B-E76B63E39421}.Release|x86.ActiveCfg = Release|Any CPU
		{D0262178-A48F-4DE0-807B-E76B63E39421}.Release|x86.Build.0 = Release|Any CPU
		{959C6E54-5B1C-40F5-938A-C57B17451421}.Debug|Any CPU.ActiveCfg = Debug|Any CPU
		{959C6E54-5B1C-40F5-938A-C57B17451421}.Debug|Any CPU.Build.0 = Debug|Any CPU
		{959C6E54-5B1C-40F5-938A-C57B17451421}.Debug|x64.ActiveCfg = Debug|Any CPU
		{959C6E54-5B1C-40F5-938A-C57B17451421}.Debug|x64.Build.0 = Debug|Any CPU
		{959C6E54-5B1C-40F5-938A-C57B17451421}.Debug|x86.ActiveCfg = Debug|Any CPU
		{959C6E54-5B1C-40F5-938A-C57B17451421}.Debug|x86.Build.0 = Debug|Any CPU
		{959C6E54-5B1C-40F5-938A-C57B17451421}.Release|Any CPU.ActiveCfg = Release|Any CPU
		{959C6E54-5B1C-40F5-938A-C57B17451421}.Release|Any CPU.Build.0 = Release|Any CPU
		{959C6E54-5B1C-40F5-938A-C57B17451421}.Release|x64.ActiveCfg = Release|Any CPU
		{959C6E54-5B1C-40F5-938A-C57B17451421}.Release|x64.Build.0 = Release|Any CPU
		{959C6E54-5B1C-40F5-938A-C57B17451421}.Release|x86.ActiveCfg = Release|Any CPU
		{959C6E54-5B1C-40F5-938A-C57B17451421}.Release|x86.Build.0 = Release|Any CPU
		{CF5EA542-7392-4C2C-BD48-9664BAEEA74C}.Debug|Any CPU.ActiveCfg = Debug|Any CPU
		{CF5EA542-7392-4C2C-BD48-9664BAEEA74C}.Debug|Any CPU.Build.0 = Debug|Any CPU
		{CF5EA542-7392-4C2C-BD48-9664BAEEA74C}.Debug|x64.ActiveCfg = Debug|Any CPU
		{CF5EA542-7392-4C2C-BD48-9664BAEEA74C}.Debug|x64.Build.0 = Debug|Any CPU
		{CF5EA542-7392-4C2C-BD48-9664BAEEA74C}.Debug|x86.ActiveCfg = Debug|Any CPU
		{CF5EA542-7392-4C2C-BD48-9664BAEEA74C}.Debug|x86.Build.0 = Debug|Any CPU
		{CF5EA542-7392-4C2C-BD48-9664BAEEA74C}.Release|Any CPU.ActiveCfg = Release|Any CPU
		{CF5EA542-7392-4C2C-BD48-9664BAEEA74C}.Release|Any CPU.Build.0 = Release|Any CPU
		{CF5EA542-7392-4C2C-BD48-9664BAEEA74C}.Release|x64.ActiveCfg = Release|Any CPU
		{CF5EA542-7392-4C2C-BD48-9664BAEEA74C}.Release|x64.Build.0 = Release|Any CPU
		{CF5EA542-7392-4C2C-BD48-9664BAEEA74C}.Release|x86.ActiveCfg = Release|Any CPU
		{CF5EA542-7392-4C2C-BD48-9664BAEEA74C}.Release|x86.Build.0 = Release|Any CPU
		{0C3D0E6A-CEFB-480B-856A-917838EFF716}.Debug|Any CPU.ActiveCfg = Debug|x64
		{0C3D0E6A-CEFB-480B-856A-917838EFF716}.Debug|Any CPU.Build.0 = Debug|x64
		{0C3D0E6A-CEFB-480B-856A-917838EFF716}.Debug|x64.ActiveCfg = Debug|x64
		{0C3D0E6A-CEFB-480B-856A-917838EFF716}.Debug|x64.Build.0 = Debug|x64
		{0C3D0E6A-CEFB-480B-856A-917838EFF716}.Debug|x86.ActiveCfg = Debug|Win32
		{0C3D0E6A-CEFB-480B-856A-917838EFF716}.Debug|x86.Build.0 = Debug|Win32
		{0C3D0E6A-CEFB-480B-856A-917838EFF716}.Release|Any CPU.ActiveCfg = Release|x64
		{0C3D0E6A-CEFB-480B-856A-917838EFF716}.Release|Any CPU.Build.0 = Release|x64
		{0C3D0E6A-CEFB-480B-856A-917838EFF716}.Release|x64.ActiveCfg = Release|x64
		{0C3D0E6A-CEFB-480B-856A-917838EFF716}.Release|x64.Build.0 = Release|x64
		{0C3D0E6A-CEFB-480B-856A-917838EFF716}.Release|x86.ActiveCfg = Release|Win32
		{0C3D0E6A-CEFB-480B-856A-917838EFF716}.Release|x86.Build.0 = Release|Win32
	EndGlobalSection
	GlobalSection(SolutionProperties) = preSolution
		HideSolutionNode = FALSE
	EndGlobalSection
	GlobalSection(ExtensibilityGlobals) = postSolution
		SolutionGuid = {AEDFE422-E468-4857-93D9-113BE886CCFD}
	EndGlobalSection
EndGlobal
